
Microsoft Visual Studio Solution File, Format Version 12.00
# Visual Studio 15
VisualStudioVersion = 15.0.28010.2036
MinimumVisualStudioVersion = 10.0.40219.1
Project("{FAE04EC0-301F-11D3-BF4B-00C04F79EFBC}") = "StartOver", "StartOver\StartOver.csproj", "{759184FA-343C-4962-BF66-50E6326A86A6}"
EndProject
Global
	GlobalSection(SolutionConfigurationPlatforms) = preSolution
		Debug|Any CPU = Debug|Any CPU
		Release|Any CPU = Release|Any CPU
	EndGlobalSection
	GlobalSection(ProjectConfigurationPlatforms) = postSolution
		{759184FA-343C-4962-BF66-50E6326A86A6}.Debug|Any CPU.ActiveCfg = Debug|Any CPU
		{759184FA-343C-4962-BF66-50E6326A86A6}.Debug|Any CPU.Build.0 = Debug|Any CPU
		{759184FA-343C-4962-BF66-50E6326A86A6}.Release|Any CPU.ActiveCfg = Release|Any CPU
		{759184FA-343C-4962-BF66-50E6326A86A6}.Release|Any CPU.Build.0 = Release|Any CPU
	EndGlobalSection
	GlobalSection(SolutionProperties) = preSolution
		HideSolutionNode = FALSE
	EndGlobalSection
	GlobalSection(ExtensibilityGlobals) = postSolution
		SolutionGuid = {F7A1AA55-DE0B-44AA-9461-B3E6948C9375}
	EndGlobalSection
EndGlobal
